
Microsoft Visual Studio Solution File, Format Version 12.00
# Visual Studio Version 16
VisualStudioVersion = 16.0.31129.286
MinimumVisualStudioVersion = 10.0.40219.1
Project("{FAE04EC0-301F-11D3-BF4B-00C04F79EFBC}") = "Day01", "Day01\Day01.csproj", "{B73EF3D4-B20A-4987-B4C1-72B8617B5EBD}"
EndProject
Project("{FAE04EC0-301F-11D3-BF4B-00C04F79EFBC}") = "Day02", "Day02\Day02.csproj", "{3E8AC144-C522-4630-9607-5D938D51A231}"
EndProject
Project("{FAE04EC0-301F-11D3-BF4B-00C04F79EFBC}") = "Day03", "Day03\Day03.csproj", "{0F4EFD14-7807-4854-B787-D541ABCCEEF9}"
EndProject
Project("{FAE04EC0-301F-11D3-BF4B-00C04F79EFBC}") = "Day06", "Day06\Day06.csproj", "{37332A7F-B93B-4CFF-9D39-06CB201C4935}"
EndProject
Global
	GlobalSection(SolutionConfigurationPlatforms) = preSolution
		Debug|Any CPU = Debug|Any CPU
		Release|Any CPU = Release|Any CPU
	EndGlobalSection
	GlobalSection(ProjectConfigurationPlatforms) = postSolution
		{B73EF3D4-B20A-4987-B4C1-72B8617B5EBD}.Debug|Any CPU.ActiveCfg = Debug|Any CPU
		{B73EF3D4-B20A-4987-B4C1-72B8617B5EBD}.Debug|Any CPU.Build.0 = Debug|Any CPU
		{B73EF3D4-B20A-4987-B4C1-72B8617B5EBD}.Release|Any CPU.ActiveCfg = Release|Any CPU
		{B73EF3D4-B20A-4987-B4C1-72B8617B5EBD}.Release|Any CPU.Build.0 = Release|Any CPU
		{3E8AC144-C522-4630-9607-5D938D51A231}.Debug|Any CPU.ActiveCfg = Debug|Any CPU
		{3E8AC144-C522-4630-9607-5D938D51A231}.Debug|Any CPU.Build.0 = Debug|Any CPU
		{3E8AC144-C522-4630-9607-5D938D51A231}.Release|Any CPU.ActiveCfg = Release|Any CPU
		{3E8AC144-C522-4630-9607-5D938D51A231}.Release|Any CPU.Build.0 = Release|Any CPU
		{0F4EFD14-7807-4854-B787-D541ABCCEEF9}.Debug|Any CPU.ActiveCfg = Debug|Any CPU
		{0F4EFD14-7807-4854-B787-D541ABCCEEF9}.Debug|Any CPU.Build.0 = Debug|Any CPU
		{0F4EFD14-7807-4854-B787-D541ABCCEEF9}.Release|Any CPU.ActiveCfg = Release|Any CPU
		{0F4EFD14-7807-4854-B787-D541ABCCEEF9}.Release|Any CPU.Build.0 = Release|Any CPU
		{37332A7F-B93B-4CFF-9D39-06CB201C4935}.Debug|Any CPU.ActiveCfg = Debug|Any CPU
		{37332A7F-B93B-4CFF-9D39-06CB201C4935}.Debug|Any CPU.Build.0 = Debug|Any CPU
		{37332A7F-B93B-4CFF-9D39-06CB201C4935}.Release|Any CPU.ActiveCfg = Release|Any CPU
		{37332A7F-B93B-4CFF-9D39-06CB201C4935}.Release|Any CPU.Build.0 = Release|Any CPU
	EndGlobalSection
	GlobalSection(SolutionProperties) = preSolution
		HideSolutionNode = FALSE
	EndGlobalSection
	GlobalSection(ExtensibilityGlobals) = postSolution
		SolutionGuid = {3C1D3C00-C2E0-45C7-A62E-DBE9C46703FE}
	EndGlobalSection
EndGlobal
